{
  "name": "profile_generator",
  "version": "1.0.0",
  "lockfileVersion": 3,
  "requires": true,
  "packages": {
    "": {
      "name": "profile_generator",
      "version": "1.0.0",
      "license": "ISC",
      "dependencies": {
        "@fontsource/bebas-neue": "^5.2.7",
        "@fontsource/stardos-stencil": "^5.2.7"
      }
    },
    "node_modules/@fontsource/bebas-neue": {
      "version": "5.2.7",
      "resolved": "https://registry.npmjs.org/@fontsource/bebas-neue/-/bebas-neue-5.2.7.tgz",
      "integrity": "sha512-DsmBrmq55d9BCU0mt4DT4RZDdH8vhWRKEUOfbuNB1EEjMuwbtFvM8N+3gIlkYSFbsb10P8Q19BV5OdpMu2h0fA==",
      "license": "OFL-1.1",
      "funding": {
        "url": "https://github.com/sponsors/ayuhito"
      }
    },
    "node_modules/@fontsource/stardos-stencil": {
      "version": "5.2.7",
      "resolved": "https://registry.npmjs.org/@fontsource/stardos-stencil/-/stardos-stencil-5.2.7.tgz",
      "integrity": "sha512-3hstnI8HOaA4kq+j6Qp9Qam70qiLBHKH2M+HriAEKk2ymNatOOttJgVOpLjFcjt+YS/cuaZuc8gVIYiohALzFw==",
      "license": "OFL-1.1",
      "funding": {
        "url": "https://github.com/sponsors/ayuhito"
      }
    }
  }
}
